
Microsoft Visual Studio Solution File, Format Version 12.00
# Visual Studio Version 17
VisualStudioVersion = 17.14.36518.9 d17.14
MinimumVisualStudioVersion = 10.0.40219.1
Project("{FAE04EC0-301F-11D3-BF4B-00C04F79EFBC}") = "forms_aula01", "forms_aula01\forms_aula01.csproj", "{440D4564-B1E2-438F-B319-DDD1D2F26D83}"
EndProject
Global
	GlobalSection(SolutionConfigurationPlatforms) = preSolution
		Debug|Any CPU = Debug|Any CPU
		Release|Any CPU = Release|Any CPU
	EndGlobalSection
	GlobalSection(ProjectConfigurationPlatforms) = postSolution
		{440D4564-B1E2-438F-B319-DDD1D2F26D83}.Debug|Any CPU.ActiveCfg = Debug|Any CPU
		{440D4564-B1E2-438F-B319-DDD1D2F26D83}.Debug|Any CPU.Build.0 = Debug|Any CPU
		{440D4564-B1E2-438F-B319-DDD1D2F26D83}.Release|Any CPU.ActiveCfg = Release|Any CPU
		{440D4564-B1E2-438F-B319-DDD1D2F26D83}.Release|Any CPU.Build.0 = Release|Any CPU
	EndGlobalSection
	GlobalSection(SolutionProperties) = preSolution
		HideSolutionNode = FALSE
	EndGlobalSection
	GlobalSection(ExtensibilityGlobals) = postSolution
		SolutionGuid = {39336575-CA30-4814-87B8-C9B89243E91C}
	EndGlobalSection
EndGlobal
